# This file is automatically @generated by Cargo.
# It is not intended for manual editing.
version = 4

[[package]]
name = "voico-core"
version = "0.1.0"

[[package]]
name = "voico-daemon"
version = "0.1.0"
dependencies = [
 "voico-core",
]

[[package]]
name = "voicoctl"
version = "0.1.0"
dependencies = [
 "voico-core",
]
